
Microsoft Visual Studio Solution File, Format Version 12.00
# Visual Studio Version 17
VisualStudioVersion = 17.8.34316.72
MinimumVisualStudioVersion = 10.0.40219.1
Project("{2150E333-8FDC-42A3-9474-1A3956D46DE8}") = "src", "src", "{769FEA2F-D5C0-4C5F-96F6-C130C29B85D7}"
EndProject
Project("{9A19103F-16F7-4668-BE54-9A1E7A4F7556}") = "CA.Domain", "CA.Domain\CA.Domain.csproj", "{9B825FB6-2695-4210-BCF2-B0C6209D962E}"
EndProject
Project("{2150E333-8FDC-42A3-9474-1A3956D46DE8}") = "Core", "Core", "{676E8EE2-668B-444C-990A-07798950708A}"
EndProject
Project("{9A19103F-16F7-4668-BE54-9A1E7A4F7556}") = "CA.Application", "CA.Application\CA.Application.csproj", "{C90244E1-A929-4CEA-8782-398335E3D67F}"
EndProject
Project("{2150E333-8FDC-42A3-9474-1A3956D46DE8}") = "Presentations", "Presentations", "{6F53EB10-43A7-4D3B-A125-ED4B6C254399}"
EndProject
Project("{9A19103F-16F7-4668-BE54-9A1E7A4F7556}") = "CA.WebAPI", "CA.WebAPI\CA.WebAPI.csproj", "{020A1ED9-713B-43BD-BED0-C5CD3E29F7F8}"
EndProject
Project("{2150E333-8FDC-42A3-9474-1A3956D46DE8}") = "Infrastructure", "Infrastructure", "{9D642E1D-7FA9-49AA-B1BC-B6F52B068402}"
EndProject
Project("{9A19103F-16F7-4668-BE54-9A1E7A4F7556}") = "CA.Persistence", "CA.Persistence\CA.Persistence.csproj", "{C431D07A-9805-4F3E-A375-C76D951BA003}"
EndProject
Project("{2150E333-8FDC-42A3-9474-1A3956D46DE8}") = "CrossCuttingConcerns", "CrossCuttingConcerns", "{EF53C2F7-D289-435D-8636-BCCF5AE7F894}"
EndProject
Project("{9A19103F-16F7-4668-BE54-9A1E7A4F7556}") = "CA.CrossCuttingConcerns", "CA.CrossCuttingConcerns\CA.CrossCuttingConcerns.csproj", "{B7D7F261-AF54-46F5-B26C-0E54FA86EBE3}"
EndProject
Project("{9A19103F-16F7-4668-BE54-9A1E7A4F7556}") = "CA.Infrastructure", "CA.Infrastructure\CA.Infrastructure.csproj", "{4399E769-BC3C-4B06-B665-747E6674A7CA}"
EndProject
Global
	GlobalSection(SolutionConfigurationPlatforms) = preSolution
		Debug|Any CPU = Debug|Any CPU
		Release|Any CPU = Release|Any CPU
	EndGlobalSection
	GlobalSection(ProjectConfigurationPlatforms) = postSolution
		{9B825FB6-2695-4210-BCF2-B0C6209D962E}.Debug|Any CPU.ActiveCfg = Debug|Any CPU
		{9B825FB6-2695-4210-BCF2-B0C6209D962E}.Debug|Any CPU.Build.0 = Debug|Any CPU
		{9B825FB6-2695-4210-BCF2-B0C6209D962E}.Release|Any CPU.ActiveCfg = Release|Any CPU
		{9B825FB6-2695-4210-BCF2-B0C6209D962E}.Release|Any CPU.Build.0 = Release|Any CPU
		{C90244E1-A929-4CEA-8782-398335E3D67F}.Debug|Any CPU.ActiveCfg = Debug|Any CPU
		{C90244E1-A929-4CEA-8782-398335E3D67F}.Debug|Any CPU.Build.0 = Debug|Any CPU
		{C90244E1-A929-4CEA-8782-398335E3D67F}.Release|Any CPU.ActiveCfg = Release|Any CPU
		{C90244E1-A929-4CEA-8782-398335E3D67F}.Release|Any CPU.Build.0 = Release|Any CPU
		{020A1ED9-713B-43BD-BED0-C5CD3E29F7F8}.Debug|Any CPU.ActiveCfg = Debug|Any CPU
		{020A1ED9-713B-43BD-BED0-C5CD3E29F7F8}.Debug|Any CPU.Build.0 = Debug|Any CPU
		{020A1ED9-713B-43BD-BED0-C5CD3E29F7F8}.Release|Any CPU.ActiveCfg = Release|Any CPU
		{020A1ED9-713B-43BD-BED0-C5CD3E29F7F8}.Release|Any CPU.Build.0 = Release|Any CPU
		{C431D07A-9805-4F3E-A375-C76D951BA003}.Debug|Any CPU.ActiveCfg = Debug|Any CPU
		{C431D07A-9805-4F3E-A375-C76D951BA003}.Debug|Any CPU.Build.0 = Debug|Any CPU
		{C431D07A-9805-4F3E-A375-C76D951BA003}.Release|Any CPU.ActiveCfg = Release|Any CPU
		{C431D07A-9805-4F3E-A375-C76D951BA003}.Release|Any CPU.Build.0 = Release|Any CPU
		{B7D7F261-AF54-46F5-B26C-0E54FA86EBE3}.Debug|Any CPU.ActiveCfg = Debug|Any CPU
		{B7D7F261-AF54-46F5-B26C-0E54FA86EBE3}.Debug|Any CPU.Build.0 = Debug|Any CPU
		{B7D7F261-AF54-46F5-B26C-0E54FA86EBE3}.Release|Any CPU.ActiveCfg = Release|Any CPU
		{B7D7F261-AF54-46F5-B26C-0E54FA86EBE3}.Release|Any CPU.Build.0 = Release|Any CPU
		{4399E769-BC3C-4B06-B665-747E6674A7CA}.Debug|Any CPU.ActiveCfg = Debug|Any CPU
		{4399E769-BC3C-4B06-B665-747E6674A7CA}.Debug|Any CPU.Build.0 = Debug|Any CPU
		{4399E769-BC3C-4B06-B665-747E6674A7CA}.Release|Any CPU.ActiveCfg = Release|Any CPU
		{4399E769-BC3C-4B06-B665-747E6674A7CA}.Release|Any CPU.Build.0 = Release|Any CPU
	EndGlobalSection
	GlobalSection(SolutionProperties) = preSolution
		HideSolutionNode = FALSE
	EndGlobalSection
	GlobalSection(NestedProjects) = preSolution
		{9B825FB6-2695-4210-BCF2-B0C6209D962E} = {676E8EE2-668B-444C-990A-07798950708A}
		{676E8EE2-668B-444C-990A-07798950708A} = {769FEA2F-D5C0-4C5F-96F6-C130C29B85D7}
		{C90244E1-A929-4CEA-8782-398335E3D67F} = {676E8EE2-668B-444C-990A-07798950708A}
		{6F53EB10-43A7-4D3B-A125-ED4B6C254399} = {769FEA2F-D5C0-4C5F-96F6-C130C29B85D7}
		{020A1ED9-713B-43BD-BED0-C5CD3E29F7F8} = {6F53EB10-43A7-4D3B-A125-ED4B6C254399}
		{9D642E1D-7FA9-49AA-B1BC-B6F52B068402} = {769FEA2F-D5C0-4C5F-96F6-C130C29B85D7}
		{C431D07A-9805-4F3E-A375-C76D951BA003} = {9D642E1D-7FA9-49AA-B1BC-B6F52B068402}
		{EF53C2F7-D289-435D-8636-BCCF5AE7F894} = {769FEA2F-D5C0-4C5F-96F6-C130C29B85D7}
		{B7D7F261-AF54-46F5-B26C-0E54FA86EBE3} = {EF53C2F7-D289-435D-8636-BCCF5AE7F894}
		{4399E769-BC3C-4B06-B665-747E6674A7CA} = {9D642E1D-7FA9-49AA-B1BC-B6F52B068402}
	EndGlobalSection
	GlobalSection(ExtensibilityGlobals) = postSolution
		SolutionGuid = {1969AE23-B8EC-4880-86A7-930AB12055FC}
	EndGlobalSection
EndGlobal
